{
  "name": "Valentines",
  "lockfileVersion": 2,
  "requires": true,
  "packages": {
    "": {
      "dependencies": {
        "crosswords-js": "^0.1.14"
      }
    },
    "node_modules/crosswords-js": {
      "version": "0.1.14",
      "resolved": "https://registry.npmjs.org/crosswords-js/-/crosswords-js-0.1.14.tgz",
      "integrity": "sha512-dlhGXnwHGO6h67RMO2JiozVACkAdfdtbPn40P2qspp3RGxG0sXIIsSfdFKRo2BWGDDLoFSFzuIB5VBUdzcxlrQ=="
    }
  },
  "dependencies": {
    "crosswords-js": {
      "version": "0.1.14",
      "resolved": "https://registry.npmjs.org/crosswords-js/-/crosswords-js-0.1.14.tgz",
      "integrity": "sha512-dlhGXnwHGO6h67RMO2JiozVACkAdfdtbPn40P2qspp3RGxG0sXIIsSfdFKRo2BWGDDLoFSFzuIB5VBUdzcxlrQ=="
    }
  }
}
